Microsoft Visual Studio Solution File, Format Version 12.00
# Visual Studio Version 17
VisualStudioVersion = 17.5.2.0
MinimumVisualStudioVersion = 10.0.40219.1
Project("{FAE04EC0-301F-11D3-BF4B-00C04F79EFBC}") = "experimental_2", "experimental_2.csproj", "{DF4496B3-CE43-32EC-A0B1-8A39C31FDE60}"
EndProject
Global
	GlobalSection(SolutionConfigurationPlatforms) = preSolution
		Debug|Any CPU = Debug|Any CPU
		Release|Any CPU = Release|Any CPU
	EndGlobalSection
	GlobalSection(ProjectConfigurationPlatforms) = postSolution
		{DF4496B3-CE43-32EC-A0B1-8A39C31FDE60}.Debug|Any CPU.ActiveCfg = Debug|Any CPU
		{DF4496B3-CE43-32EC-A0B1-8A39C31FDE60}.Debug|Any CPU.Build.0 = Debug|Any CPU
		{DF4496B3-CE43-32EC-A0B1-8A39C31FDE60}.Release|Any CPU.ActiveCfg = Release|Any CPU
		{DF4496B3-CE43-32EC-A0B1-8A39C31FDE60}.Release|Any CPU.Build.0 = Release|Any CPU
	EndGlobalSection
	GlobalSection(SolutionProperties) = preSolution
		HideSolutionNode = FALSE
	EndGlobalSection
	GlobalSection(ExtensibilityGlobals) = postSolution
		SolutionGuid = {8836E61F-2FA0-4C7E-977C-D3BDA36E71C7}
	EndGlobalSection
EndGlobal
