Microsoft Visual Studio Solution File, Format Version 12.00
# Visual Studio Version 17
VisualStudioVersion = 17.5.2.0
MinimumVisualStudioVersion = 10.0.40219.1
Project("{FAE04EC0-301F-11D3-BF4B-00C04F79EFBC}") = "semana_13", "semana_13.csproj", "{37ADFE57-0C96-2574-F2B0-8B9A610097DC}"
EndProject
Global
	GlobalSection(SolutionConfigurationPlatforms) = preSolution
		Debug|Any CPU = Debug|Any CPU
		Release|Any CPU = Release|Any CPU
	EndGlobalSection
	GlobalSection(ProjectConfigurationPlatforms) = postSolution
		{37ADFE57-0C96-2574-F2B0-8B9A610097DC}.Debug|Any CPU.ActiveCfg = Debug|Any CPU
		{37ADFE57-0C96-2574-F2B0-8B9A610097DC}.Debug|Any CPU.Build.0 = Debug|Any CPU
		{37ADFE57-0C96-2574-F2B0-8B9A610097DC}.Release|Any CPU.ActiveCfg = Release|Any CPU
		{37ADFE57-0C96-2574-F2B0-8B9A610097DC}.Release|Any CPU.Build.0 = Release|Any CPU
	EndGlobalSection
	GlobalSection(SolutionProperties) = preSolution
		HideSolutionNode = FALSE
	EndGlobalSection
	GlobalSection(ExtensibilityGlobals) = postSolution
		SolutionGuid = {290177E8-A2A9-4547-ADE0-ED3084BE9000}
	EndGlobalSection
EndGlobal
